// !$*UTF8*$!
{
	archiveVersion = 1;
	classes = {
	};
	objectVersion = 46;
	objects = {

/* Begin PBXBuildFile section */
		492121AF1FA72A6600B6205B /* Muli-Bold.ttf in Resources */ = {isa = PBXBuildFile; fileRef = 492121AE1FA72A6600B6205B /* Muli-Bold.ttf */; };
		492236521FA2EA49002B6AFD /* AppDelegate.swift in Sources */ = {isa = PBXBuildFile; fileRef = 492236511FA2EA49002B6AFD /* AppDelegate.swift */; };
		492236541FA2EA49002B6AFD /* ViewController.swift in Sources */ = {isa = PBXBuildFile; fileRef = 492236531FA2EA49002B6AFD /* ViewController.swift */; };
		492236571FA2EA49002B6AFD /* Main.storyboard in Resources */ = {isa = PBXBuildFile; fileRef = 492236551FA2EA49002B6AFD /* Main.storyboard */; };
		492236591FA2EA49002B6AFD /* Assets.xcassets in Resources */ = {isa = PBXBuildFile; fileRef = 492236581FA2EA49002B6AFD /* Assets.xcassets */; };
		4922365C1FA2EA49002B6AFD /* LaunchScreen.storyboard in Resources */ = {isa = PBXBuildFile; fileRef = 4922365A1FA2EA49002B6AFD /* LaunchScreen.storyboard */; };
		492236671FA2EA4A002B6AFD /* InvitationTests.swift in Sources */ = {isa = PBXBuildFile; fileRef = 492236661FA2EA4A002B6AFD /* InvitationTests.swift */; };
		492236721FA2EA4A002B6AFD /* InvitationUITests.swift in Sources */ = {isa = PBXBuildFile; fileRef = 492236711FA2EA4A002B6AFD /* InvitationUITests.swift */; };
		492236801FA2EB06002B6AFD /* InvitationHomeViewController.swift in Sources */ = {isa = PBXBuildFile; fileRef = 4922367F1FA2EB06002B6AFD /* InvitationHomeViewController.swift */; };
		492236851FA32715002B6AFD /* DetailViewController.swift in Sources */ = {isa = PBXBuildFile; fileRef = 492236841FA32715002B6AFD /* DetailViewController.swift */; };
		492236881FA32E6A002B6AFD /* HomeTableViewCell.swift in Sources */ = {isa = PBXBuildFile; fileRef = 492236861FA32E6A002B6AFD /* HomeTableViewCell.swift */; };
		492236891FA32E6A002B6AFD /* HomeTableViewCell.xib in Resources */ = {isa = PBXBuildFile; fileRef = 492236871FA32E6A002B6AFD /* HomeTableViewCell.xib */; };
		4922368B1FA33551002B6AFD /* CommonClass.swift in Sources */ = {isa = PBXBuildFile; fileRef = 4922368A1FA33551002B6AFD /* CommonClass.swift */; };
		492236A91FA35BEB002B6AFD /* muli-regular.otf in Resources */ = {isa = PBXBuildFile; fileRef = 492236A81FA35339002B6AFD /* muli-regular.otf */; };
		492236AB1FA35C60002B6AFD /* IndieFlower.ttf in Resources */ = {isa = PBXBuildFile; fileRef = 492236AA1FA35C60002B6AFD /* IndieFlower.ttf */; };
		49B2FC931FAB1FFF0001AD48 /* Configuration.swift in Sources */ = {isa = PBXBuildFile; fileRef = 49B2FC921FAB1FFF0001AD48 /* Configuration.swift */; };
/* End PBXBuildFile section */

/* Begin PBXContainerItemProxy section */
		492236631FA2EA4A002B6AFD /* PBXContainerItemProxy */ = {
			isa = PBXContainerItemProxy;
			containerPortal = 492236461FA2EA49002B6AFD /* Project object */;
			proxyType = 1;
			remoteGlobalIDString = 4922364D1FA2EA49002B6AFD;
			remoteInfo = Invitation;
		};
		4922366E1FA2EA4A002B6AFD /* PBXContainerItemProxy */ = {
			isa = PBXContainerItemProxy;
			containerPortal = 492236461FA2EA49002B6AFD /* Project object */;
			proxyType = 1;
			remoteGlobalIDString = 4922364D1FA2EA49002B6AFD;
			remoteInfo = Invitation;
		};
/* End PBXContainerItemProxy section */

/* Begin PBXFileReference section */
		492121AE1FA72A6600B6205B /* Muli-Bold.ttf */ = {isa = PBXFileReference; lastKnownFileType = file; path = "Muli-Bold.ttf"; sourceTree = "<group>"; };
		4922364E1FA2EA49002B6AFD /* Invitation.app */ = {isa = PBXFileReference; explicitFileType = wrapper.application; includeInIndex = 0; path = Invitation.app; sourceTree = BUILT_PRODUCTS_DIR; };
		492236511FA2EA49002B6AFD /* AppDelegate.swift */ = {isa = PBXFileReference; lastKnownFileType = sourcecode.swift; path = AppDelegate.swift; sourceTree = "<group>"; };
		492236531FA2EA49002B6AFD /* ViewController.swift */ = {isa = PBXFileReference; lastKnownFileType = sourcecode.swift; path = ViewController.swift; sourceTree = "<group>"; };
		492236561FA2EA49002B6AFD /* Base */ = {isa = PBXFileReference; lastKnownFileType = file.storyboard; name = Base; path = Base.lproj/Main.storyboard; sourceTree = "<group>"; };
		492236581FA2EA49002B6AFD /* Assets.xcassets */ = {isa = PBXFileReference; lastKnownFileType = folder.assetcatalog; path = Assets.xcassets; sourceTree = "<group>"; };
		4922365B1FA2EA49002B6AFD /* Base */ = {isa = PBXFileReference; lastKnownFileType = file.storyboard; name = Base; path = Base.lproj/LaunchScreen.storyboard; sourceTree = "<group>"; };
		4922365D1FA2EA49002B6AFD /* Info.plist */ = {isa = PBXFileReference; lastKnownFileType = text.plist.xml; path = Info.plist; sourceTree = "<group>"; };
		492236621FA2EA4A002B6AFD /* InvitationTests.xctest */ = {isa = PBXFileReference; explicitFileType = wrapper.cfbundle; includeInIndex = 0; path = InvitationTests.xctest; sourceTree = BUILT_PRODUCTS_DIR; };
		492236661FA2EA4A002B6AFD /* InvitationTests.swift */ = {isa = PBXFileReference; lastKnownFileType = sourcecode.swift; path = InvitationTests.swift; sourceTree = "<group>"; };
		492236681FA2EA4A002B6AFD /* Info.plist */ = {isa = PBXFileReference; lastKnownFileType = text.plist.xml; path = Info.plist; sourceTree = "<group>"; };
		4922366D1FA2EA4A002B6AFD /* InvitationUITests.xctest */ = {isa = PBXFileReference; explicitFileType = wrapper.cfbundle; includeInIndex = 0; path = InvitationUITests.xctest; sourceTree = BUILT_PRODUCTS_DIR; };
		492236711FA2EA4A002B6AFD /* InvitationUITests.swift */ = {isa = PBXFileReference; lastKnownFileType = sourcecode.swift; path = InvitationUITests.swift; sourceTree = "<group>"; };
		492236731FA2EA4A002B6AFD /* Info.plist */ = {isa = PBXFileReference; lastKnownFileType = text.plist.xml; path = Info.plist; sourceTree = "<group>"; };
		4922367F1FA2EB06002B6AFD /* InvitationHomeViewController.swift */ = {isa = PBXFileReference; fileEncoding = 4; lastKnownFileType = sourcecode.swift; path = InvitationHomeViewController.swift; sourceTree = "<group>"; };
		492236841FA32715002B6AFD /* DetailViewController.swift */ = {isa = PBXFileReference; fileEncoding = 4; lastKnownFileType = sourcecode.swift; path = DetailViewController.swift; sourceTree = "<group>"; };
		492236861FA32E6A002B6AFD /* HomeTableViewCell.swift */ = {isa = PBXFileReference; fileEncoding = 4; lastKnownFileType = sourcecode.swift; path = HomeTableViewCell.swift; sourceTree = "<group>"; };
		492236871FA32E6A002B6AFD /* HomeTableViewCell.xib */ = {isa = PBXFileReference; fileEncoding = 4; lastKnownFileType = file.xib; path = HomeTableViewCell.xib; sourceTree = "<group>"; };
		4922368A1FA33551002B6AFD /* CommonClass.swift */ = {isa = PBXFileReference; fileEncoding = 4; lastKnownFileType = sourcecode.swift; path = CommonClass.swift; sourceTree = "<group>"; };
		492236A81FA35339002B6AFD /* muli-regular.otf */ = {isa = PBXFileReference; lastKnownFileType = file; path = "muli-regular.otf"; sourceTree = "<group>"; };
		492236AA1FA35C60002B6AFD /* IndieFlower.ttf */ = {isa = PBXFileReference; lastKnownFileType = file; path = IndieFlower.ttf; sourceTree = "<group>"; };
		49B2FC921FAB1FFF0001AD48 /* Configuration.swift */ = {isa = PBXFileReference; fileEncoding = 4; lastKnownFileType = sourcecode.swift; path = Configuration.swift; sourceTree = "<group>"; };
/* End PBXFileReference section */

/* Begin PBXFrameworksBuildPhase section */
		4922364B1FA2EA49002B6AFD /* Frameworks */ = {
			isa = PBXFrameworksBuildPhase;
			buildActionMask = 2147483647;
			files = (
			);
			runOnlyForDeploymentPostprocessing = 0;
		};
		4922365F1FA2EA4A002B6AFD /* Frameworks */ = {
			isa = PBXFrameworksBuildPhase;
			buildActionMask = 2147483647;
			files = (
			);
			runOnlyForDeploymentPostprocessing = 0;
		};
		4922366A1FA2EA4A002B6AFD /* Frameworks */ = {
			isa = PBXFrameworksBuildPhase;
			buildActionMask = 2147483647;
			files = (
			);
			runOnlyForDeploymentPostprocessing = 0;
		};
/* End PBXFrameworksBuildPhase section */

/* Begin PBXGroup section */
		492236451FA2EA49002B6AFD = {
			isa = PBXGroup;
			children = (
				49B2FC921FAB1FFF0001AD48 /* Configuration.swift */,
				492236501FA2EA49002B6AFD /* Invitation */,
				492236651FA2EA4A002B6AFD /* InvitationTests */,
				492236701FA2EA4A002B6AFD /* InvitationUITests */,
				4922364F1FA2EA49002B6AFD /* Products */,
			);
			sourceTree = "<group>";
		};
		4922364F1FA2EA49002B6AFD /* Products */ = {
			isa = PBXGroup;
			children = (
				4922364E1FA2EA49002B6AFD /* Invitation.app */,
				492236621FA2EA4A002B6AFD /* InvitationTests.xctest */,
				4922366D1FA2EA4A002B6AFD /* InvitationUITests.xctest */,
			);
			name = Products;
			sourceTree = "<group>";
		};
		492236501FA2EA49002B6AFD /* Invitation */ = {
			isa = PBXGroup;
			children = (
				492236511FA2EA49002B6AFD /* AppDelegate.swift */,
				492236531FA2EA49002B6AFD /* ViewController.swift */,
				4922368A1FA33551002B6AFD /* CommonClass.swift */,
				4922367F1FA2EB06002B6AFD /* InvitationHomeViewController.swift */,
				492236841FA32715002B6AFD /* DetailViewController.swift */,
				4922368C1FA33681002B6AFD /* Extra */,
				492236811FA31148002B6AFD /* SubClass */,
				492236551FA2EA49002B6AFD /* Main.storyboard */,
				492236581FA2EA49002B6AFD /* Assets.xcassets */,
				4922365A1FA2EA49002B6AFD /* LaunchScreen.storyboard */,
				4922365D1FA2EA49002B6AFD /* Info.plist */,
			);
			path = Invitation;
			sourceTree = "<group>";
		};
		492236651FA2EA4A002B6AFD /* InvitationTests */ = {
			isa = PBXGroup;
			children = (
				492236661FA2EA4A002B6AFD /* InvitationTests.swift */,
				492236681FA2EA4A002B6AFD /* Info.plist */,
			);
			path = InvitationTests;
			sourceTree = "<group>";
		};
		492236701FA2EA4A002B6AFD /* InvitationUITests */ = {
			isa = PBXGroup;
			children = (
				492236711FA2EA4A002B6AFD /* InvitationUITests.swift */,
				492236731FA2EA4A002B6AFD /* Info.plist */,
			);
			path = InvitationUITests;
			sourceTree = "<group>";
		};
		492236811FA31148002B6AFD /* SubClass */ = {
			isa = PBXGroup;
			children = (
				492236861FA32E6A002B6AFD /* HomeTableViewCell.swift */,
				492236871FA32E6A002B6AFD /* HomeTableViewCell.xib */,
			);
			path = SubClass;
			sourceTree = "<group>";
		};
		4922368C1FA33681002B6AFD /* Extra */ = {
			isa = PBXGroup;
			children = (
				492121AE1FA72A6600B6205B /* Muli-Bold.ttf */,
				492236AA1FA35C60002B6AFD /* IndieFlower.ttf */,
				492236A81FA35339002B6AFD /* muli-regular.otf */,
			);
			path = Extra;
			sourceTree = "<group>";
		};
/* End PBXGroup section */

/* Begin PBXNativeTarget section */
		4922364D1FA2EA49002B6AFD /* Invitation */ = {
			isa = PBXNativeTarget;
			buildConfigurationList = 492236761FA2EA4A002B6AFD /* Build configuration list for PBXNativeTarget "Invitation" */;
			buildPhases = (
				4922364A1FA2EA49002B6AFD /* Sources */,
				4922364B1FA2EA49002B6AFD /* Frameworks */,
				4922364C1FA2EA49002B6AFD /* Resources */,
			);
			buildRules = (
			);
			dependencies = (
			);
			name = Invitation;
			productName = Invitation;
			productReference = 4922364E1FA2EA49002B6AFD /* Invitation.app */;
			productType = "com.apple.product-type.application";
		};
		492236611FA2EA4A002B6AFD /* InvitationTests */ = {
			isa = PBXNativeTarget;
			buildConfigurationList = 492236791FA2EA4A002B6AFD /* Build configuration list for PBXNativeTarget "InvitationTests" */;
			buildPhases = (
				4922365E1FA2EA4A002B6AFD /* Sources */,
				4922365F1FA2EA4A002B6AFD /* Frameworks */,
				492236601FA2EA4A002B6AFD /* Resources */,
			);
			buildRules = (
			);
			dependencies = (
				492236641FA2EA4A002B6AFD /* PBXTargetDependency */,
			);
			name = InvitationTests;
			productName = InvitationTests;
			productReference = 492236621FA2EA4A002B6AFD /* InvitationTests.xctest */;
			productType = "com.apple.product-type.bundle.unit-test";
		};
		4922366C1FA2EA4A002B6AFD /* InvitationUITests */ = {
			isa = PBXNativeTarget;
			buildConfigurationList = 4922367C1FA2EA4A002B6AFD /* Build configuration list for PBXNativeTarget "InvitationUITests" */;
			buildPhases = (
				492236691FA2EA4A002B6AFD /* Sources */,
				4922366A1FA2EA4A002B6AFD /* Frameworks */,
				4922366B1FA2EA4A002B6AFD /* Resources */,
			);
			buildRules = (
			);
			dependencies = (
				4922366F1FA2EA4A002B6AFD /* PBXTargetDependency */,
			);
			name = InvitationUITests;
			productName = InvitationUITests;
			productReference = 4922366D1FA2EA4A002B6AFD /* InvitationUITests.xctest */;
			productType = "com.apple.product-type.bundle.ui-testing";
		};
/* End PBXNativeTarget section */

/* Begin PBXProject section */
		492236461FA2EA49002B6AFD /* Project object */ = {
			isa = PBXProject;
			attributes = {
				LastSwiftUpdateCheck = 0830;
				LastUpgradeCheck = 0830;
				ORGANIZATIONNAME = tatvasoft;
				TargetAttributes = {
					4922364D1FA2EA49002B6AFD = {
						CreatedOnToolsVersion = 8.3.2;
						ProvisioningStyle = Automatic;
					};
					492236611FA2EA4A002B6AFD = {
						CreatedOnToolsVersion = 8.3.2;
						ProvisioningStyle = Automatic;
						TestTargetID = 4922364D1FA2EA49002B6AFD;
					};
					4922366C1FA2EA4A002B6AFD = {
						CreatedOnToolsVersion = 8.3.2;
						ProvisioningStyle = Automatic;
						TestTargetID = 4922364D1FA2EA49002B6AFD;
					};
				};
			};
			buildConfigurationList = 492236491FA2EA49002B6AFD /* Build configuration list for PBXProject "Invitation" */;
			compatibilityVersion = "Xcode 3.2";
			developmentRegion = English;
			hasScannedForEncodings = 0;
			knownRegions = (
				en,
				Base,
			);
			mainGroup = 492236451FA2EA49002B6AFD;
			productRefGroup = 4922364F1FA2EA49002B6AFD /* Products */;
			projectDirPath = "";
			projectRoot = "";
			targets = (
				4922364D1FA2EA49002B6AFD /* Invitation */,
				492236611FA2EA4A002B6AFD /* InvitationTests */,
				4922366C1FA2EA4A002B6AFD /* InvitationUITests */,
			);
		};
/* End PBXProject section */

/* Begin PBXResourcesBuildPhase section */
		4922364C1FA2EA49002B6AFD /* Resources */ = {
			isa = PBXResourcesBuildPhase;
			buildActionMask = 2147483647;
			files = (
				492236A91FA35BEB002B6AFD /* muli-regular.otf in Resources */,
				4922365C1FA2EA49002B6AFD /* LaunchScreen.storyboard in Resources */,
				492236591FA2EA49002B6AFD /* Assets.xcassets in Resources */,
				492236891FA32E6A002B6AFD /* HomeTableViewCell.xib in Resources */,
				492236571FA2EA49002B6AFD /* Main.storyboard in Resources */,
				492121AF1FA72A6600B6205B /* Muli-Bold.ttf in Resources */,
				492236AB1FA35C60002B6AFD /* IndieFlower.ttf in Resources */,
			);
			runOnlyForDeploymentPostprocessing = 0;
		};
		492236601FA2EA4A002B6AFD /* Resources */ = {
			isa = PBXResourcesBuildPhase;
			buildActionMask = 2147483647;
			files = (
			);
			runOnlyForDeploymentPostprocessing = 0;
		};
		4922366B1FA2EA4A002B6AFD /* Resources */ = {
			isa = PBXResourcesBuildPhase;
			buildActionMask = 2147483647;
			files = (
			);
			runOnlyForDeploymentPostprocessing = 0;
		};
/* End PBXResourcesBuildPhase section */

/* Begin PBXSourcesBuildPhase section */
		4922364A1FA2EA49002B6AFD /* Sources */ = {
			isa = PBXSourcesBuildPhase;
			buildActionMask = 2147483647;
			files = (
				492236541FA2EA49002B6AFD /* ViewController.swift in Sources */,
				492236881FA32E6A002B6AFD /* HomeTableViewCell.swift in Sources */,
				49B2FC931FAB1FFF0001AD48 /* Configuration.swift in Sources */,
				492236801FA2EB06002B6AFD /* InvitationHomeViewController.swift in Sources */,
				492236851FA32715002B6AFD /* DetailViewController.swift in Sources */,
				492236521FA2EA49002B6AFD /* AppDelegate.swift in Sources */,
				4922368B1FA33551002B6AFD /* CommonClass.swift in Sources */,
			);
			runOnlyForDeploymentPostprocessing = 0;
		};
		4922365E1FA2EA4A002B6AFD /* Sources */ = {
			isa = PBXSourcesBuildPhase;
			buildActionMask = 2147483647;
			files = (
				492236671FA2EA4A002B6AFD /* InvitationTests.swift in Sources */,
			);
			runOnlyForDeploymentPostprocessing = 0;
		};
		492236691FA2EA4A002B6AFD /* Sources */ = {
			isa = PBXSourcesBuildPhase;
			buildActionMask = 2147483647;
			files = (
				492236721FA2EA4A002B6AFD /* InvitationUITests.swift in Sources */,
			);
			runOnlyForDeploymentPostprocessing = 0;
		};
/* End PBXSourcesBuildPhase section */

/* Begin PBXTargetDependency section */
		492236641FA2EA4A002B6AFD /* PBXTargetDependency */ = {
			isa = PBXTargetDependency;
			target = 4922364D1FA2EA49002B6AFD /* Invitation */;
			targetProxy = 492236631FA2EA4A002B6AFD /* PBXContainerItemProxy */;
		};
		4922366F1FA2EA4A002B6AFD /* PBXTargetDependency */ = {
			isa = PBXTargetDependency;
			target = 4922364D1FA2EA49002B6AFD /* Invitation */;
			targetProxy = 4922366E1FA2EA4A002B6AFD /* PBXContainerItemProxy */;
		};
/* End PBXTargetDependency section */

/* Begin PBXVariantGroup section */
		492236551FA2EA49002B6AFD /* Main.storyboard */ = {
			isa = PBXVariantGroup;
			children = (
				492236561FA2EA49002B6AFD /* Base */,
			);
			name = Main.storyboard;
			sourceTree = "<group>";
		};
		4922365A1FA2EA49002B6AFD /* LaunchScreen.storyboard */ = {
			isa = PBXVariantGroup;
			children = (
				4922365B1FA2EA49002B6AFD /* Base */,
			);
			name = LaunchScreen.storyboard;
			sourceTree = "<group>";
		};
/* End PBXVariantGroup section */

/* Begin XCBuildConfiguration section */
		492236741FA2EA4A002B6AFD /* Debug (Staging) */ = {
			isa = XCBuildConfiguration;
			buildSettings = {
				ALWAYS_SEARCH_USER_PATHS = NO;
				CLANG_ANALYZER_NONNULL = YES;
				CLANG_ANALYZER_NUMBER_OBJECT_CONVERSION = YES_AGGRESSIVE;
				CLANG_CXX_LANGUAGE_STANDARD = "gnu++0x";
				CLANG_CXX_LIBRARY = "libc++";
				CLANG_ENABLE_MODULES = YES;
				CLANG_ENABLE_OBJC_ARC = YES;
				CLANG_WARN_BOOL_CONVERSION = YES;
				CLANG_WARN_CONSTANT_CONVERSION = YES;
				CLANG_WARN_DIRECT_OBJC_ISA_USAGE = YES_ERROR;
				CLANG_WARN_DOCUMENTATION_COMMENTS = YES;
				CLANG_WARN_EMPTY_BODY = YES;
				CLANG_WARN_ENUM_CONVERSION = YES;
				CLANG_WARN_INFINITE_RECURSION = YES;
				CLANG_WARN_INT_CONVERSION = YES;
				CLANG_WARN_OBJC_ROOT_CLASS = YES_ERROR;
				CLANG_WARN_SUSPICIOUS_MOVE = YES;
				CLANG_WARN_UNREACHABLE_CODE = YES;
				CLANG_WARN__DUPLICATE_METHOD_MATCH = YES;
				"CODE_SIGN_IDENTITY[sdk=iphoneos*]" = "iPhone Developer";
				COPY_PHASE_STRIP = NO;
				DEBUG_INFORMATION_FORMAT = dwarf;
				ENABLE_STRICT_OBJC_MSGSEND = YES;
				ENABLE_TESTABILITY = YES;
				GCC_C_LANGUAGE_STANDARD = gnu99;
				GCC_DYNAMIC_NO_PIC = NO;
				GCC_NO_COMMON_BLOCKS = YES;
				GCC_OPTIMIZATION_LEVEL = 0;
				GCC_PREPROCESSOR_DEFINITIONS = (
					"DEBUG=1",
					"$(inherited)",
				);
				GCC_WARN_64_TO_32_BIT_CONVERSION = YES;
				GCC_WARN_ABOUT_RETURN_TYPE = YES_ERROR;
				GCC_WARN_UNDECLARED_SELECTOR = YES;
				GCC_WARN_UNINITIALIZED_AUTOS = YES_AGGRESSIVE;
				GCC_WARN_UNUSED_FUNCTION = YES;
				GCC_WARN_UNUSED_VARIABLE = YES;
				IBC_COMPILER_AUTO_ACTIVATE_CUSTOM_FONTS = YES;
				IBSC_COMPILER_AUTO_ACTIVATE_CUSTOM_FONTS = YES;
				IPHONEOS_DEPLOYMENT_TARGET = 10.3;
				MTL_ENABLE_DEBUG_INFO = YES;
				ONLY_ACTIVE_ARCH = YES;
				SDKROOT = iphoneos;
				SWIFT_ACTIVE_COMPILATION_CONDITIONS = DEBUG;
				SWIFT_OPTIMIZATION_LEVEL = "-Onone";
				TARGETED_DEVICE_FAMILY = "1,2";
			};
			name = "Debug (Staging)";
		};
		492236751FA2EA4A002B6AFD /* Release */ = {
			isa = XCBuildConfiguration;
			buildSettings = {
				ALWAYS_SEARCH_USER_PATHS = NO;
				CLANG_ANALYZER_NONNULL = YES;
				CLANG_ANALYZER_NUMBER_OBJECT_CONVERSION = YES_AGGRESSIVE;
				CLANG_CXX_LANGUAGE_STANDARD = "gnu++0x";
				CLANG_CXX_LIBRARY = "libc++";
				CLANG_ENABLE_MODULES = YES;
				CLANG_ENABLE_OBJC_ARC = YES;
				CLANG_WARN_BOOL_CONVERSION = YES;
				CLANG_WARN_CONSTANT_CONVERSION = YES;
				CLANG_WARN_DIRECT_OBJC_ISA_USAGE = YES_ERROR;
				CLANG_WARN_DOCUMENTATION_COMMENTS = YES;
				CLANG_WARN_EMPTY_BODY = YES;
				CLANG_WARN_ENUM_CONVERSION = YES;
				CLANG_WARN_INFINITE_RECURSION = YES;
				CLANG_WARN_INT_CONVERSION = YES;
				CLANG_WARN_OBJC_ROOT_CLASS = YES_ERROR;
				CLANG_WARN_SUSPICIOUS_MOVE = YES;
				CLANG_WARN_UNREACHABLE_CODE = YES;
				CLANG_WARN__DUPLICATE_METHOD_MATCH = YES;
				"CODE_SIGN_IDENTITY[sdk=iphoneos*]" = "iPhone Developer";
				COPY_PHASE_STRIP = NO;
				DEBUG_INFORMATION_FORMAT = "dwarf-with-dsym";
				ENABLE_NS_ASSERTIONS = NO;
				ENABLE_STRICT_OBJC_MSGSEND = YES;
				GCC_C_LANGUAGE_STANDARD = gnu99;
				GCC_NO_COMMON_BLOCKS = YES;
				GCC_WARN_64_TO_32_BIT_CONVERSION = YES;
				GCC_WARN_ABOUT_RETURN_TYPE = YES_ERROR;
				GCC_WARN_UNDECLARED_SELECTOR = YES;
				GCC_WARN_UNINITIALIZED_AUTOS = YES_AGGRESSIVE;
				GCC_WARN_UNUSED_FUNCTION = YES;
				GCC_WARN_UNUSED_VARIABLE = YES;
				IBC_COMPILER_AUTO_ACTIVATE_CUSTOM_FONTS = YES;
				IBSC_COMPILER_AUTO_ACTIVATE_CUSTOM_FONTS = YES;
				IPHONEOS_DEPLOYMENT_TARGET = 10.3;
				MTL_ENABLE_DEBUG_INFO = NO;
				SDKROOT = iphoneos;
				SWIFT_OPTIMIZATION_LEVEL = "-Owholemodule";
				TARGETED_DEVICE_FAMILY = "1,2";
				VALIDATE_PRODUCT = YES;
			};
			name = Release;
		};
		492236771FA2EA4A002B6AFD /* Debug (Staging) */ = {
			isa = XCBuildConfiguration;
			buildSettings = {
				ASSETCATALOG_COMPILER_APPICON_NAME = AppIcon;
				INFOPLIST_FILE = Invitation/Info.plist;
				LD_RUNPATH_SEARCH_PATHS = "$(inherited) @executable_path/Frameworks";
				PRODUCT_BUNDLE_IDENTIFIER = com.tatvasoft.Invitation;
				PRODUCT_NAME = "$(TARGET_NAME)";
				SWIFT_VERSION = 3.0;
			};
			name = "Debug (Staging)";
		};
		492236781FA2EA4A002B6AFD /* Release */ = {
			isa = XCBuildConfiguration;
			buildSettings = {
				ASSETCATALOG_COMPILER_APPICON_NAME = AppIcon;
				INFOPLIST_FILE = Invitation/Info.plist;
				LD_RUNPATH_SEARCH_PATHS = "$(inherited) @executable_path/Frameworks";
				PRODUCT_BUNDLE_IDENTIFIER = com.tatvasoft.Invitation;
				PRODUCT_NAME = "$(TARGET_NAME)";
				SWIFT_VERSION = 3.0;
			};
			name = Release;
		};
		4922367A1FA2EA4A002B6AFD /* Debug (Staging) */ = {
			isa = XCBuildConfiguration;
			buildSettings = {
				ALWAYS_EMBED_SWIFT_STANDARD_LIBRARIES = YES;
				BUNDLE_LOADER = "$(TEST_HOST)";
				INFOPLIST_FILE = InvitationTests/Info.plist;
				LD_RUNPATH_SEARCH_PATHS = "$(inherited) @executable_path/Frameworks @loader_path/Frameworks";
				PRODUCT_BUNDLE_IDENTIFIER = com.tatvasoft.InvitationTests;
				PRODUCT_NAME = "$(TARGET_NAME)";
				SWIFT_VERSION = 3.0;
				TEST_HOST = "$(BUILT_PRODUCTS_DIR)/Invitation.app/Invitation";
			};
			name = "Debug (Staging)";
		};
		4922367B1FA2EA4A002B6AFD /* Release */ = {
			isa = XCBuildConfiguration;
			buildSettings = {
				ALWAYS_EMBED_SWIFT_STANDARD_LIBRARIES = YES;
				BUNDLE_LOADER = "$(TEST_HOST)";
				INFOPLIST_FILE = InvitationTests/Info.plist;
				LD_RUNPATH_SEARCH_PATHS = "$(inherited) @executable_path/Frameworks @loader_path/Frameworks";
				PRODUCT_BUNDLE_IDENTIFIER = com.tatvasoft.InvitationTests;
				PRODUCT_NAME = "$(TARGET_NAME)";
				SWIFT_VERSION = 3.0;
				TEST_HOST = "$(BUILT_PRODUCTS_DIR)/Invitation.app/Invitation";
			};
			name = Release;
		};
		4922367D1FA2EA4A002B6AFD /* Debug (Staging) */ = {
			isa = XCBuildConfiguration;
			buildSettings = {
				ALWAYS_EMBED_SWIFT_STANDARD_LIBRARIES = YES;
				INFOPLIST_FILE = InvitationUITests/Info.plist;
				LD_RUNPATH_SEARCH_PATHS = "$(inherited) @executable_path/Frameworks @loader_path/Frameworks";
				PRODUCT_BUNDLE_IDENTIFIER = com.tatvasoft.InvitationUITests;
				PRODUCT_NAME = "$(TARGET_NAME)";
				SWIFT_VERSION = 3.0;
				TEST_TARGET_NAME = Invitation;
			};
			name = "Debug (Staging)";
		};
		4922367E1FA2EA4A002B6AFD /* Release */ = {
			isa = XCBuildConfiguration;
			buildSettings = {
				ALWAYS_EMBED_SWIFT_STANDARD_LIBRARIES = YES;
				INFOPLIST_FILE = InvitationUITests/Info.plist;
				LD_RUNPATH_SEARCH_PATHS = "$(inherited) @executable_path/Frameworks @loader_path/Frameworks";
				PRODUCT_BUNDLE_IDENTIFIER = com.tatvasoft.InvitationUITests;
				PRODUCT_NAME = "$(TARGET_NAME)";
				SWIFT_VERSION = 3.0;
				TEST_TARGET_NAME = Invitation;
			};
			name = Release;
		};
		49B2FC8E1FAB17ED0001AD48 /* Debug (Production) */ = {
			isa = XCBuildConfiguration;
			buildSettings = {
				ALWAYS_SEARCH_USER_PATHS = NO;
				CLANG_ANALYZER_NONNULL = YES;
				CLANG_ANALYZER_NUMBER_OBJECT_CONVERSION = YES_AGGRESSIVE;
				CLANG_CXX_LANGUAGE_STANDARD = "gnu++0x";
				CLANG_CXX_LIBRARY = "libc++";
				CLANG_ENABLE_MODULES = YES;
				CLANG_ENABLE_OBJC_ARC = YES;
				CLANG_WARN_BOOL_CONVERSION = YES;
				CLANG_WARN_CONSTANT_CONVERSION = YES;
				CLANG_WARN_DIRECT_OBJC_ISA_USAGE = YES_ERROR;
				CLANG_WARN_DOCUMENTATION_COMMENTS = YES;
				CLANG_WARN_EMPTY_BODY = YES;
				CLANG_WARN_ENUM_CONVERSION = YES;
				CLANG_WARN_INFINITE_RECURSION = YES;
				CLANG_WARN_INT_CONVERSION = YES;
				CLANG_WARN_OBJC_ROOT_CLASS = YES_ERROR;
				CLANG_WARN_SUSPICIOUS_MOVE = YES;
				CLANG_WARN_UNREACHABLE_CODE = YES;
				CLANG_WARN__DUPLICATE_METHOD_MATCH = YES;
				"CODE_SIGN_IDENTITY[sdk=iphoneos*]" = "iPhone Developer";
				COPY_PHASE_STRIP = NO;
				DEBUG_INFORMATION_FORMAT = dwarf;
				ENABLE_STRICT_OBJC_MSGSEND = YES;
				ENABLE_TESTABILITY = YES;
				GCC_C_LANGUAGE_STANDARD = gnu99;
				GCC_DYNAMIC_NO_PIC = NO;
				GCC_NO_COMMON_BLOCKS = YES;
				GCC_OPTIMIZATION_LEVEL = 0;
				GCC_PREPROCESSOR_DEFINITIONS = (
					"DEBUG=1",
					"$(inherited)",
				);
				GCC_WARN_64_TO_32_BIT_CONVERSION = YES;
				GCC_WARN_ABOUT_RETURN_TYPE = YES_ERROR;
				GCC_WARN_UNDECLARED_SELECTOR = YES;
				GCC_WARN_UNINITIALIZED_AUTOS = YES_AGGRESSIVE;
				GCC_WARN_UNUSED_FUNCTION = YES;
				GCC_WARN_UNUSED_VARIABLE = YES;
				IBC_COMPILER_AUTO_ACTIVATE_CUSTOM_FONTS = YES;
				IBSC_COMPILER_AUTO_ACTIVATE_CUSTOM_FONTS = YES;
				IPHONEOS_DEPLOYMENT_TARGET = 10.3;
				MTL_ENABLE_DEBUG_INFO = YES;
				ONLY_ACTIVE_ARCH = YES;
				SDKROOT = iphoneos;
				SWIFT_ACTIVE_COMPILATION_CONDITIONS = DEBUG;
				SWIFT_OPTIMIZATION_LEVEL = "-Onone";
				TARGETED_DEVICE_FAMILY = "1,2";
			};
			name = "Debug (Production)";
		};
		49B2FC8F1FAB17ED0001AD48 /* Debug (Production) */ = {
			isa = XCBuildConfiguration;
			buildSettings = {
				ASSETCATALOG_COMPILER_APPICON_NAME = AppIcon;
				INFOPLIST_FILE = Invitation/Info.plist;
				LD_RUNPATH_SEARCH_PATHS = "$(inherited) @executable_path/Frameworks";
				PRODUCT_BUNDLE_IDENTIFIER = com.tatvasoft.Invitation;
				PRODUCT_NAME = "$(TARGET_NAME)";
				SWIFT_VERSION = 3.0;
			};
			name = "Debug (Production)";
		};
		49B2FC901FAB17ED0001AD48 /* Debug (Production) */ = {
			isa = XCBuildConfiguration;
			buildSettings = {
				ALWAYS_EMBED_SWIFT_STANDARD_LIBRARIES = YES;
				BUNDLE_LOADER = "$(TEST_HOST)";
				INFOPLIST_FILE = InvitationTests/Info.plist;
				LD_RUNPATH_SEARCH_PATHS = "$(inherited) @executable_path/Frameworks @loader_path/Frameworks";
				PRODUCT_BUNDLE_IDENTIFIER = com.tatvasoft.InvitationTests;
				PRODUCT_NAME = "$(TARGET_NAME)";
				SWIFT_VERSION = 3.0;
				TEST_HOST = "$(BUILT_PRODUCTS_DIR)/Invitation.app/Invitation";
			};
			name = "Debug (Production)";
		};
		49B2FC911FAB17ED0001AD48 /* Debug (Production) */ = {
			isa = XCBuildConfiguration;
			buildSettings = {
				ALWAYS_EMBED_SWIFT_STANDARD_LIBRARIES = YES;
				INFOPLIST_FILE = InvitationUITests/Info.plist;
				LD_RUNPATH_SEARCH_PATHS = "$(inherited) @executable_path/Frameworks @loader_path/Frameworks";
				PRODUCT_BUNDLE_IDENTIFIER = com.tatvasoft.InvitationUITests;
				PRODUCT_NAME = "$(TARGET_NAME)";
				SWIFT_VERSION = 3.0;
				TEST_TARGET_NAME = Invitation;
			};
			name = "Debug (Production)";
		};
/* End XCBuildConfiguration section */

/* Begin XCConfigurationList section */
		492236491FA2EA49002B6AFD /* Build configuration list for PBXProject "Invitation" */ = {
			isa = XCConfigurationList;
			buildConfigurations = (
				492236741FA2EA4A002B6AFD /* Debug (Staging) */,
				49B2FC8E1FAB17ED0001AD48 /* Debug (Production) */,
				492236751FA2EA4A002B6AFD /* Release */,
			);
			defaultConfigurationIsVisible = 0;
			defaultConfigurationName = Release;
		};
		492236761FA2EA4A002B6AFD /* Build configuration list for PBXNativeTarget "Invitation" */ = {
			isa = XCConfigurationList;
			buildConfigurations = (
				492236771FA2EA4A002B6AFD /* Debug (Staging) */,
				49B2FC8F1FAB17ED0001AD48 /* Debug (Production) */,
				492236781FA2EA4A002B6AFD /* Release */,
			);
			defaultConfigurationIsVisible = 0;
			defaultConfigurationName = Release;
		};
		492236791FA2EA4A002B6AFD /* Build configuration list for PBXNativeTarget "InvitationTests" */ = {
			isa = XCConfigurationList;
			buildConfigurations = (
				4922367A1FA2EA4A002B6AFD /* Debug (Staging) */,
				49B2FC901FAB17ED0001AD48 /* Debug (Production) */,
				4922367B1FA2EA4A002B6AFD /* Release */,
			);
			defaultConfigurationIsVisible = 0;
			defaultConfigurationName = Release;
		};
		4922367C1FA2EA4A002B6AFD /* Build configuration list for PBXNativeTarget "InvitationUITests" */ = {
			isa = XCConfigurationList;
			buildConfigurations = (
				4922367D1FA2EA4A002B6AFD /* Debug (Staging) */,
				49B2FC911FAB17ED0001AD48 /* Debug (Production) */,
				4922367E1FA2EA4A002B6AFD /* Release */,
			);
			defaultConfigurationIsVisible = 0;
			defaultConfigurationName = Release;
		};
/* End XCConfigurationList section */
	};
	rootObject = 492236461FA2EA49002B6AFD /* Project object */;
}
